
Microsoft Visual Studio Solution File, Format Version 12.00
# Visual Studio Version 17
VisualStudioVersion = 17.11.35222.181
MinimumVisualStudioVersion = 10.0.40219.1
Project("{FAE04EC0-301F-11D3-BF4B-00C04F79EFBC}") = "API", "API\API.csproj", "{8FFF1F15-3E09-4A2F-BD44-FF520EBE855E}"
EndProject
Project("{FAE04EC0-301F-11D3-BF4B-00C04F79EFBC}") = "DataAccess", "DataAccess\DataAccess.csproj", "{DCC06A09-3E0F-4E63-B16F-D8D2839B6782}"
EndProject
Project("{FAE04EC0-301F-11D3-BF4B-00C04F79EFBC}") = "Business", "Business\Business.csproj", "{5681E9E0-F175-4105-B4AF-DF6DEB577B30}"
EndProject
Global
	GlobalSection(SolutionConfigurationPlatforms) = preSolution
		Debug|Any CPU = Debug|Any CPU
		Release|Any CPU = Release|Any CPU
	EndGlobalSection
	GlobalSection(ProjectConfigurationPlatforms) = postSolution
		{8FFF1F15-3E09-4A2F-BD44-FF520EBE855E}.Debug|Any CPU.ActiveCfg = Debug|Any CPU
		{8FFF1F15-3E09-4A2F-BD44-FF520EBE855E}.Debug|Any CPU.Build.0 = Debug|Any CPU
		{8FFF1F15-3E09-4A2F-BD44-FF520EBE855E}.Release|Any CPU.ActiveCfg = Release|Any CPU
		{8FFF1F15-3E09-4A2F-BD44-FF520EBE855E}.Release|Any CPU.Build.0 = Release|Any CPU
		{DCC06A09-3E0F-4E63-B16F-D8D2839B6782}.Debug|Any CPU.ActiveCfg = Debug|Any CPU
		{DCC06A09-3E0F-4E63-B16F-D8D2839B6782}.Debug|Any CPU.Build.0 = Debug|Any CPU
		{DCC06A09-3E0F-4E63-B16F-D8D2839B6782}.Release|Any CPU.ActiveCfg = Release|Any CPU
		{DCC06A09-3E0F-4E63-B16F-D8D2839B6782}.Release|Any CPU.Build.0 = Release|Any CPU
		{5681E9E0-F175-4105-B4AF-DF6DEB577B30}.Debug|Any CPU.ActiveCfg = Debug|Any CPU
		{5681E9E0-F175-4105-B4AF-DF6DEB577B30}.Debug|Any CPU.Build.0 = Debug|Any CPU
		{5681E9E0-F175-4105-B4AF-DF6DEB577B30}.Release|Any CPU.ActiveCfg = Release|Any CPU
		{5681E9E0-F175-4105-B4AF-DF6DEB577B30}.Release|Any CPU.Build.0 = Release|Any CPU
	EndGlobalSection
	GlobalSection(SolutionProperties) = preSolution
		HideSolutionNode = FALSE
	EndGlobalSection
	GlobalSection(ExtensibilityGlobals) = postSolution
		SolutionGuid = {79B1401F-98EB-4B7C-815A-31BC0888EEC5}
	EndGlobalSection
EndGlobal
